
Microsoft Visual Studio Solution File, Format Version 12.00
# Visual Studio Version 17
VisualStudioVersion = 17.14.36401.2
MinimumVisualStudioVersion = 10.0.40219.1
Project("{2150E333-8FDC-42A3-9474-1A3956D46DE8}") = "Services", "Services", "{02EA681E-C7D8-13C7-8484-4AC65E1B71E8}"
EndProject
Project("{2150E333-8FDC-42A3-9474-1A3956D46DE8}") = "Catalog", "Catalog", "{96E23516-296A-4E45-8067-467F263F60F0}"
EndProject
Project("{FAE04EC0-301F-11D3-BF4B-00C04F79EFBC}") = "Catalog.api", "src\Services\Catalog\CatalogAPI\Catalog.api.csproj", "{51677B5C-88B3-4E24-9941-B82518CDEB39}"
EndProject
Project("{2150E333-8FDC-42A3-9474-1A3956D46DE8}") = "BuildingBlocks", "BuildingBlocks", "{35C0C839-15E7-438D-A697-C1FEBBD4C648}"
EndProject
Project("{FAE04EC0-301F-11D3-BF4B-00C04F79EFBC}") = "BuildingBlocks", "src\BuildingBlocks\BuildingBlocks\BuildingBlocks.csproj", "{177236B7-A957-47CF-BC4F-4E7E9632C56B}"
EndProject
Project("{E53339B2-1760-4266-BCC7-CA923CBCF16C}") = "docker-compose", "docker-compose.dcproj", "{81DDED9D-158B-E303-5F62-77A2896D2A5A}"
EndProject
Project("{2150E333-8FDC-42A3-9474-1A3956D46DE8}") = "Basket", "Basket", "{076BAF74-031C-49A3-A111-5810317D9DBE}"
EndProject
Project("{FAE04EC0-301F-11D3-BF4B-00C04F79EFBC}") = "Basket.Api", "src\Services\Basket\Basket.Api\Basket.Api.csproj", "{821E01D7-34A2-415C-AE26-0DFA1458DC09}"
EndProject
Project("{2150E333-8FDC-42A3-9474-1A3956D46DE8}") = "Discount", "Discount", "{190C27B6-A465-4A11-8FE3-87F898670E40}"
EndProject
Project("{FAE04EC0-301F-11D3-BF4B-00C04F79EFBC}") = "Discount.Grpc", "src\Services\Discount\Discount.Grpc\Discount.Grpc.csproj", "{427C7AF7-1AA9-4711-B591-CE1BB736A4DC}"
EndProject
Project("{2150E333-8FDC-42A3-9474-1A3956D46DE8}") = "Ordering", "Ordering", "{27040568-4297-4A59-9459-CC26AAC3EC34}"
EndProject
Project("{FAE04EC0-301F-11D3-BF4B-00C04F79EFBC}") = "Ordering.API", "src\Services\Ordering\Ordering.API\Ordering.API.csproj", "{5E37E304-6FD9-4C7D-B2F8-6C70E815E1B7}"
EndProject
Project("{FAE04EC0-301F-11D3-BF4B-00C04F79EFBC}") = "Ordering.Domain", "src\Services\Ordering\Ordering.Domain\Ordering.Domain.csproj", "{F33883F7-0E25-4A0C-8851-7126A25B7AD5}"
EndProject
Project("{FAE04EC0-301F-11D3-BF4B-00C04F79EFBC}") = "Ordering.Application", "src\Services\Ordering\Ordering.Application\Ordering.Application.csproj", "{37790B4D-0889-4FDC-A140-7A7B500962E4}"
EndProject
Project("{FAE04EC0-301F-11D3-BF4B-00C04F79EFBC}") = "Ordering.Infrastructure", "src\Services\Ordering\Ordering.Infrastructure\Ordering.Infrastructure.csproj", "{89D2F928-B4EA-46BD-B340-8D7A96A43B5D}"
EndProject
Project("{FAE04EC0-301F-11D3-BF4B-00C04F79EFBC}") = "BuildingBlocks.Messaging", "src\BuildingBlocks\BuildingBlocks.Messaging\BuildingBlocks.Messaging.csproj", "{628D8660-12DB-4621-91A3-AB986E67A7F4}"
EndProject
Project("{2150E333-8FDC-42A3-9474-1A3956D46DE8}") = "ApiGateways", "ApiGateways", "{97018ED7-7ED2-4D03-B14F-9AA14AA0A007}"
EndProject
Project("{FAE04EC0-301F-11D3-BF4B-00C04F79EFBC}") = "YarpApiGateway", "src\ApiGateways\YarpApiGateway\YarpApiGateway.csproj", "{65434F21-C011-4A92-83E9-54A10D76062D}"
EndProject
Project("{2150E333-8FDC-42A3-9474-1A3956D46DE8}") = "WebApps", "WebApps", "{4B726308-8296-46D4-B8CF-D9B5EA54CC42}"
EndProject
Project("{FAE04EC0-301F-11D3-BF4B-00C04F79EFBC}") = "Shopping.Web", "src\WebApps\Shopping.Web\Shopping.Web.csproj", "{D3F731CF-44F3-466F-98DA-B15ED1FD01BA}"
EndProject
Global
	GlobalSection(SolutionConfigurationPlatforms) = preSolution
		Debug|Any CPU = Debug|Any CPU
		Release|Any CPU = Release|Any CPU
	EndGlobalSection
	GlobalSection(ProjectConfigurationPlatforms) = postSolution
		{51677B5C-88B3-4E24-9941-B82518CDEB39}.Debug|Any CPU.ActiveCfg = Debug|Any CPU
		{51677B5C-88B3-4E24-9941-B82518CDEB39}.Debug|Any CPU.Build.0 = Debug|Any CPU
		{51677B5C-88B3-4E24-9941-B82518CDEB39}.Release|Any CPU.ActiveCfg = Release|Any CPU
		{51677B5C-88B3-4E24-9941-B82518CDEB39}.Release|Any CPU.Build.0 = Release|Any CPU
		{177236B7-A957-47CF-BC4F-4E7E9632C56B}.Debug|Any CPU.ActiveCfg = Debug|Any CPU
		{177236B7-A957-47CF-BC4F-4E7E9632C56B}.Debug|Any CPU.Build.0 = Debug|Any CPU
		{177236B7-A957-47CF-BC4F-4E7E9632C56B}.Release|Any CPU.ActiveCfg = Release|Any CPU
		{177236B7-A957-47CF-BC4F-4E7E9632C56B}.Release|Any CPU.Build.0 = Release|Any CPU
		{81DDED9D-158B-E303-5F62-77A2896D2A5A}.Debug|Any CPU.ActiveCfg = Debug|Any CPU
		{81DDED9D-158B-E303-5F62-77A2896D2A5A}.Debug|Any CPU.Build.0 = Debug|Any CPU
		{81DDED9D-158B-E303-5F62-77A2896D2A5A}.Release|Any CPU.ActiveCfg = Release|Any CPU
		{81DDED9D-158B-E303-5F62-77A2896D2A5A}.Release|Any CPU.Build.0 = Release|Any CPU
		{821E01D7-34A2-415C-AE26-0DFA1458DC09}.Debug|Any CPU.ActiveCfg = Debug|Any CPU
		{821E01D7-34A2-415C-AE26-0DFA1458DC09}.Debug|Any CPU.Build.0 = Debug|Any CPU
		{821E01D7-34A2-415C-AE26-0DFA1458DC09}.Release|Any CPU.ActiveCfg = Release|Any CPU
		{821E01D7-34A2-415C-AE26-0DFA1458DC09}.Release|Any CPU.Build.0 = Release|Any CPU
		{427C7AF7-1AA9-4711-B591-CE1BB736A4DC}.Debug|Any CPU.ActiveCfg = Debug|Any CPU
		{427C7AF7-1AA9-4711-B591-CE1BB736A4DC}.Debug|Any CPU.Build.0 = Debug|Any CPU
		{427C7AF7-1AA9-4711-B591-CE1BB736A4DC}.Release|Any CPU.ActiveCfg = Release|Any CPU
		{427C7AF7-1AA9-4711-B591-CE1BB736A4DC}.Release|Any CPU.Build.0 = Release|Any CPU
		{5E37E304-6FD9-4C7D-B2F8-6C70E815E1B7}.Debug|Any CPU.ActiveCfg = Debug|Any CPU
		{5E37E304-6FD9-4C7D-B2F8-6C70E815E1B7}.Debug|Any CPU.Build.0 = Debug|Any CPU
		{5E37E304-6FD9-4C7D-B2F8-6C70E815E1B7}.Release|Any CPU.ActiveCfg = Release|Any CPU
		{5E37E304-6FD9-4C7D-B2F8-6C70E815E1B7}.Release|Any CPU.Build.0 = Release|Any CPU
		{F33883F7-0E25-4A0C-8851-7126A25B7AD5}.Debug|Any CPU.ActiveCfg = Debug|Any CPU
		{F33883F7-0E25-4A0C-8851-7126A25B7AD5}.Debug|Any CPU.Build.0 = Debug|Any CPU
		{F33883F7-0E25-4A0C-8851-7126A25B7AD5}.Release|Any CPU.ActiveCfg = Release|Any CPU
		{F33883F7-0E25-4A0C-8851-7126A25B7AD5}.Release|Any CPU.Build.0 = Release|Any CPU
		{37790B4D-0889-4FDC-A140-7A7B500962E4}.Debug|Any CPU.ActiveCfg = Debug|Any CPU
		{37790B4D-0889-4FDC-A140-7A7B500962E4}.Debug|Any CPU.Build.0 = Debug|Any CPU
		{37790B4D-0889-4FDC-A140-7A7B500962E4}.Release|Any CPU.ActiveCfg = Release|Any CPU
		{37790B4D-0889-4FDC-A140-7A7B500962E4}.Release|Any CPU.Build.0 = Release|Any CPU
		{89D2F928-B4EA-46BD-B340-8D7A96A43B5D}.Debug|Any CPU.ActiveCfg = Debug|Any CPU
		{89D2F928-B4EA-46BD-B340-8D7A96A43B5D}.Debug|Any CPU.Build.0 = Debug|Any CPU
		{89D2F928-B4EA-46BD-B340-8D7A96A43B5D}.Release|Any CPU.ActiveCfg = Release|Any CPU
		{89D2F928-B4EA-46BD-B340-8D7A96A43B5D}.Release|Any CPU.Build.0 = Release|Any CPU
		{628D8660-12DB-4621-91A3-AB986E67A7F4}.Debug|Any CPU.ActiveCfg = Debug|Any CPU
		{628D8660-12DB-4621-91A3-AB986E67A7F4}.Debug|Any CPU.Build.0 = Debug|Any CPU
		{628D8660-12DB-4621-91A3-AB986E67A7F4}.Release|Any CPU.ActiveCfg = Release|Any CPU
		{628D8660-12DB-4621-91A3-AB986E67A7F4}.Release|Any CPU.Build.0 = Release|Any CPU
		{65434F21-C011-4A92-83E9-54A10D76062D}.Debug|Any CPU.ActiveCfg = Debug|Any CPU
		{65434F21-C011-4A92-83E9-54A10D76062D}.Debug|Any CPU.Build.0 = Debug|Any CPU
		{65434F21-C011-4A92-83E9-54A10D76062D}.Release|Any CPU.ActiveCfg = Release|Any CPU
		{65434F21-C011-4A92-83E9-54A10D76062D}.Release|Any CPU.Build.0 = Release|Any CPU
		{D3F731CF-44F3-466F-98DA-B15ED1FD01BA}.Debug|Any CPU.ActiveCfg = Debug|Any CPU
		{D3F731CF-44F3-466F-98DA-B15ED1FD01BA}.Debug|Any CPU.Build.0 = Debug|Any CPU
		{D3F731CF-44F3-466F-98DA-B15ED1FD01BA}.Release|Any CPU.ActiveCfg = Release|Any CPU
		{D3F731CF-44F3-466F-98DA-B15ED1FD01BA}.Release|Any CPU.Build.0 = Release|Any CPU
	EndGlobalSection
	GlobalSection(SolutionProperties) = preSolution
		HideSolutionNode = FALSE
	EndGlobalSection
	GlobalSection(NestedProjects) = preSolution
		{96E23516-296A-4E45-8067-467F263F60F0} = {02EA681E-C7D8-13C7-8484-4AC65E1B71E8}
		{51677B5C-88B3-4E24-9941-B82518CDEB39} = {96E23516-296A-4E45-8067-467F263F60F0}
		{177236B7-A957-47CF-BC4F-4E7E9632C56B} = {35C0C839-15E7-438D-A697-C1FEBBD4C648}
		{076BAF74-031C-49A3-A111-5810317D9DBE} = {02EA681E-C7D8-13C7-8484-4AC65E1B71E8}
		{821E01D7-34A2-415C-AE26-0DFA1458DC09} = {076BAF74-031C-49A3-A111-5810317D9DBE}
		{190C27B6-A465-4A11-8FE3-87F898670E40} = {02EA681E-C7D8-13C7-8484-4AC65E1B71E8}
		{427C7AF7-1AA9-4711-B591-CE1BB736A4DC} = {190C27B6-A465-4A11-8FE3-87F898670E40}
		{27040568-4297-4A59-9459-CC26AAC3EC34} = {02EA681E-C7D8-13C7-8484-4AC65E1B71E8}
		{5E37E304-6FD9-4C7D-B2F8-6C70E815E1B7} = {27040568-4297-4A59-9459-CC26AAC3EC34}
		{F33883F7-0E25-4A0C-8851-7126A25B7AD5} = {27040568-4297-4A59-9459-CC26AAC3EC34}
		{37790B4D-0889-4FDC-A140-7A7B500962E4} = {27040568-4297-4A59-9459-CC26AAC3EC34}
		{89D2F928-B4EA-46BD-B340-8D7A96A43B5D} = {27040568-4297-4A59-9459-CC26AAC3EC34}
		{628D8660-12DB-4621-91A3-AB986E67A7F4} = {35C0C839-15E7-438D-A697-C1FEBBD4C648}
		{65434F21-C011-4A92-83E9-54A10D76062D} = {97018ED7-7ED2-4D03-B14F-9AA14AA0A007}
		{D3F731CF-44F3-466F-98DA-B15ED1FD01BA} = {4B726308-8296-46D4-B8CF-D9B5EA54CC42}
	EndGlobalSection
	GlobalSection(ExtensibilityGlobals) = postSolution
		SolutionGuid = {5DCCF301-0F90-4CDB-A0E5-B801E66522C3}
	EndGlobalSection
EndGlobal
