
Microsoft Visual Studio Solution File, Format Version 12.00
# Visual Studio Version 17
VisualStudioVersion = 17.14.36401.2
MinimumVisualStudioVersion = 10.0.40219.1
Project("{2150E333-8FDC-42A3-9474-1A3956D46DE8}") = "Services", "Services", "{02EA681E-C7D8-13C7-8484-4AC65E1B71E8}"
EndProject
Project("{2150E333-8FDC-42A3-9474-1A3956D46DE8}") = "Catalog", "Catalog", "{96E23516-296A-4E45-8067-467F263F60F0}"
EndProject
Project("{FAE04EC0-301F-11D3-BF4B-00C04F79EFBC}") = "CatalogAPI", "src\Services\Catalog\CatalogAPI\CatalogAPI.csproj", "{51677B5C-88B3-4E24-9941-B82518CDEB39}"
EndProject
Project("{2150E333-8FDC-42A3-9474-1A3956D46DE8}") = "BuildingBlocks", "BuildingBlocks", "{35C0C839-15E7-438D-A697-C1FEBBD4C648}"
EndProject
Project("{FAE04EC0-301F-11D3-BF4B-00C04F79EFBC}") = "BuildingBlocks", "src\BuildingBlocks\BuildingBlocks\BuildingBlocks.csproj", "{177236B7-A957-47CF-BC4F-4E7E9632C56B}"
EndProject
Project("{E53339B2-1760-4266-BCC7-CA923CBCF16C}") = "docker-compose", "docker-compose.dcproj", "{81DDED9D-158B-E303-5F62-77A2896D2A5A}"
EndProject
Global
	GlobalSection(SolutionConfigurationPlatforms) = preSolution
		Debug|Any CPU = Debug|Any CPU
		Release|Any CPU = Release|Any CPU
	EndGlobalSection
	GlobalSection(ProjectConfigurationPlatforms) = postSolution
		{51677B5C-88B3-4E24-9941-B82518CDEB39}.Debug|Any CPU.ActiveCfg = Debug|Any CPU
		{51677B5C-88B3-4E24-9941-B82518CDEB39}.Debug|Any CPU.Build.0 = Debug|Any CPU
		{51677B5C-88B3-4E24-9941-B82518CDEB39}.Release|Any CPU.ActiveCfg = Release|Any CPU
		{51677B5C-88B3-4E24-9941-B82518CDEB39}.Release|Any CPU.Build.0 = Release|Any CPU
		{177236B7-A957-47CF-BC4F-4E7E9632C56B}.Debug|Any CPU.ActiveCfg = Debug|Any CPU
		{177236B7-A957-47CF-BC4F-4E7E9632C56B}.Debug|Any CPU.Build.0 = Debug|Any CPU
		{177236B7-A957-47CF-BC4F-4E7E9632C56B}.Release|Any CPU.ActiveCfg = Release|Any CPU
		{177236B7-A957-47CF-BC4F-4E7E9632C56B}.Release|Any CPU.Build.0 = Release|Any CPU
		{81DDED9D-158B-E303-5F62-77A2896D2A5A}.Debug|Any CPU.ActiveCfg = Debug|Any CPU
		{81DDED9D-158B-E303-5F62-77A2896D2A5A}.Debug|Any CPU.Build.0 = Debug|Any CPU
		{81DDED9D-158B-E303-5F62-77A2896D2A5A}.Release|Any CPU.ActiveCfg = Release|Any CPU
		{81DDED9D-158B-E303-5F62-77A2896D2A5A}.Release|Any CPU.Build.0 = Release|Any CPU
	EndGlobalSection
	GlobalSection(SolutionProperties) = preSolution
		HideSolutionNode = FALSE
	EndGlobalSection
	GlobalSection(NestedProjects) = preSolution
		{96E23516-296A-4E45-8067-467F263F60F0} = {02EA681E-C7D8-13C7-8484-4AC65E1B71E8}
		{51677B5C-88B3-4E24-9941-B82518CDEB39} = {96E23516-296A-4E45-8067-467F263F60F0}
		{177236B7-A957-47CF-BC4F-4E7E9632C56B} = {35C0C839-15E7-438D-A697-C1FEBBD4C648}
	EndGlobalSection
	GlobalSection(ExtensibilityGlobals) = postSolution
		SolutionGuid = {5DCCF301-0F90-4CDB-A0E5-B801E66522C3}
	EndGlobalSection
EndGlobal
